
Microsoft Visual Studio Solution File, Format Version 11.00
# Visual Studio 2010
Project("{FAE04EC0-301F-11D3-BF4B-00C04F79EFBC}") = "unity3d-floppy-clone-game", "Assembly-CSharp-firstpass.csproj", "{9E0C8209-469F-E227-1C14-FB0831F749BC}"
EndProject
Project("{FAE04EC0-301F-11D3-BF4B-00C04F79EFBC}") = "unity3d-floppy-clone-game", "Assembly-CSharp.csproj", "{A14DC204-02F1-6E48-DC3F-1383CE437BFF}"
EndProject
Project("{FAE04EC0-301F-11D3-BF4B-00C04F79EFBC}") = "unity3d-floppy-clone-game", "Assembly-CSharp-Editor.csproj", "{73F29DB4-62F1-6308-8347-BDB154EFB87F}"
EndProject
Global
	GlobalSection(SolutionConfigurationPlatforms) = preSolution
		Debug|Any CPU = Debug|Any CPU
		Release|Any CPU = Release|Any CPU
	EndGlobalSection
	GlobalSection(ProjectConfigurationPlatforms) = postSolution
		{9E0C8209-469F-E227-1C14-FB0831F749BC}.Debug|Any CPU.ActiveCfg = Debug|Any CPU
		{9E0C8209-469F-E227-1C14-FB0831F749BC}.Debug|Any CPU.Build.0 = Debug|Any CPU
		{9E0C8209-469F-E227-1C14-FB0831F749BC}.Release|Any CPU.ActiveCfg = Release|Any CPU
		{9E0C8209-469F-E227-1C14-FB0831F749BC}.Release|Any CPU.Build.0 = Release|Any CPU
		{A14DC204-02F1-6E48-DC3F-1383CE437BFF}.Debug|Any CPU.ActiveCfg = Debug|Any CPU
		{A14DC204-02F1-6E48-DC3F-1383CE437BFF}.Debug|Any CPU.Build.0 = Debug|Any CPU
		{A14DC204-02F1-6E48-DC3F-1383CE437BFF}.Release|Any CPU.ActiveCfg = Release|Any CPU
		{A14DC204-02F1-6E48-DC3F-1383CE437BFF}.Release|Any CPU.Build.0 = Release|Any CPU
		{73F29DB4-62F1-6308-8347-BDB154EFB87F}.Debug|Any CPU.ActiveCfg = Debug|Any CPU
		{73F29DB4-62F1-6308-8347-BDB154EFB87F}.Debug|Any CPU.Build.0 = Debug|Any CPU
		{73F29DB4-62F1-6308-8347-BDB154EFB87F}.Release|Any CPU.ActiveCfg = Release|Any CPU
		{73F29DB4-62F1-6308-8347-BDB154EFB87F}.Release|Any CPU.Build.0 = Release|Any CPU
	EndGlobalSection
	GlobalSection(SolutionProperties) = preSolution
		HideSolutionNode = FALSE
	EndGlobalSection
	GlobalSection(MonoDevelopProperties) = preSolution
		StartupItem = Assembly-CSharp.csproj
	EndGlobalSection
EndGlobal
